{
  "version": "5",
  "specifiers": {
    "jsr:@hono/hono@4.8.12": "4.8.12",
    "npm:@types/node@*": "22.15.15",
    "npm:better-auth@^1.6.23": "1.6.23_@better-auth+utils@0.4.2_@better-fetch+fetch@1.3.1_better-call@1.3.7__zod@4.4.3_jose@6.2.3_kysely@0.29.4_nanostores@1.4.1_@better-auth+core@1.6.23__@better-auth+utils@0.4.2__@better-fetch+fetch@1.3.1__better-call@1.3.7___zod@4.4.3__jose@6.2.3__kysely@0.29.4__nanostores@1.4.1__zod@4.4.3_zod@4.4.3",
    "npm:kysely-postgres-js@3": "3.0.0_kysely@0.29.4_postgres@3.4.7",
    "npm:postgres@3.4.7": "3.4.7"
  },
  "jsr": {
    "@hono/hono@4.8.12": {
      "integrity": "078037693c3ae9dece93ddd771d52ab61197231cc7633f741ac031eb3b28eb64"
    }
  },
  "npm": {
    "@better-auth/core@1.6.23_@better-auth+utils@0.4.2_@better-fetch+fetch@1.3.1_better-call@1.3.7__zod@4.4.3_jose@6.2.3_kysely@0.29.4_nanostores@1.4.1_zod@4.4.3": {
      "integrity": "sha512-beEhOs0uVeOxYOZKUfIEBd/nQV2Bd4/6wyLxZ0OFkn6CMTK2Vi+hXuZLnyPBeB6RdHpebEoJWiHqwHxBIxgPDQ==",
      "dependencies": [
        "@better-auth/utils",
        "@better-fetch/fetch",
        "@opentelemetry/semantic-conventions",
        "@standard-schema/spec",
        "better-call",
        "jose",
        "kysely",
        "nanostores",
        "zod"
      ]
    },
    "@better-auth/drizzle-adapter@1.6.23_@better-auth+core@1.6.23__@better-auth+utils@0.4.2__@better-fetch+fetch@1.3.1__better-call@1.3.7___zod@4.4.3__jose@6.2.3__kysely@0.29.4__nanostores@1.4.1__zod@4.4.3_@better-auth+utils@0.4.2_@better-fetch+fetch@1.3.1_better-call@1.3.7__zod@4.4.3_jose@6.2.3_kysely@0.29.4_nanostores@1.4.1": {
      "integrity": "sha512-2+/PTVfIP9E7iz6af8TB3lhnowHUj9ljC66kECmHaFEdUqPgzHoWux9epotKwO7XDg2ui4ttWQ8CMeNFLvQeKQ==",
      "dependencies": [
        "@better-auth/core",
        "@better-auth/utils"
      ]
    },
    "@better-auth/kysely-adapter@1.6.23_@better-auth+core@1.6.23__@better-auth+utils@0.4.2__@better-fetch+fetch@1.3.1__better-call@1.3.7___zod@4.4.3__jose@6.2.3__kysely@0.29.4__nanostores@1.4.1__zod@4.4.3_@better-auth+utils@0.4.2_kysely@0.29.4_@better-fetch+fetch@1.3.1_better-call@1.3.7__zod@4.4.3_jose@6.2.3_nanostores@1.4.1": {
      "integrity": "sha512-zbNJsMbG09exfkGyvFqBLLqWoMPAUWjxCuUnEK5AsjbYoZeIjj/QGZgdf4CapVWryKxjA9Q6Jlr6fbiPpC3VAg==",
      "dependencies": [
        "@better-auth/core",
        "@better-auth/utils",
        "kysely"
      ],
      "optionalPeers": [
        "kysely"
      ]
    },
    "@better-auth/memory-adapter@1.6.23_@better-auth+core@1.6.23__@better-auth+utils@0.4.2__@better-fetch+fetch@1.3.1__better-call@1.3.7___zod@4.4.3__jose@6.2.3__kysely@0.29.4__nanostores@1.4.1__zod@4.4.3_@better-auth+utils@0.4.2_@better-fetch+fetch@1.3.1_better-call@1.3.7__zod@4.4.3_jose@6.2.3_kysely@0.29.4_nanostores@1.4.1": {
      "integrity": "sha512-krIiR0pIVkaKlAzm690n5bcMW4NGbqeMg0HQSD9fz/KcQF/eWLqcq9gG/BhHTj2i/y96qH+W5JWPmaSOS5iTgQ==",
      "dependencies": [
        "@better-auth/core",
        "@better-auth/utils"
      ]
    },
    "@better-auth/mongo-adapter@1.6.23_@better-auth+core@1.6.23__@better-auth+utils@0.4.2__@better-fetch+fetch@1.3.1__better-call@1.3.7___zod@4.4.3__jose@6.2.3__kysely@0.29.4__nanostores@1.4.1__zod@4.4.3_@better-auth+utils@0.4.2_@better-fetch+fetch@1.3.1_better-call@1.3.7__zod@4.4.3_jose@6.2.3_kysely@0.29.4_nanostores@1.4.1": {
      "integrity": "sha512-7+QdevitGlKBbP6JbiSk5SBnzPsKV/mDrQBGBn8hwByQLeJwqpqbuBPw7ZI8vzUlFfAAnyFiqwP3Eb8mxnp7pA==",
      "dependencies": [
        "@better-auth/core",
        "@better-auth/utils"
      ]
    },
    "@better-auth/prisma-adapter@1.6.23_@better-auth+core@1.6.23__@better-auth+utils@0.4.2__@better-fetch+fetch@1.3.1__better-call@1.3.7___zod@4.4.3__jose@6.2.3__kysely@0.29.4__nanostores@1.4.1__zod@4.4.3_@better-auth+utils@0.4.2_@better-fetch+fetch@1.3.1_better-call@1.3.7__zod@4.4.3_jose@6.2.3_kysely@0.29.4_nanostores@1.4.1": {
      "integrity": "sha512-2qSdzidq4tkb1eS5TTqb4Nzg0mdZWm3Qky9SYeXeb8PpVQbC2sxqJhEM5mK7y12uU6I8hc64wO9f7AFVNL+6UQ==",
      "dependencies": [
        "@better-auth/core",
        "@better-auth/utils"
      ]
    },
    "@better-auth/telemetry@1.6.23_@better-auth+core@1.6.23__@better-auth+utils@0.4.2__@better-fetch+fetch@1.3.1__better-call@1.3.7___zod@4.4.3__jose@6.2.3__kysely@0.29.4__nanostores@1.4.1__zod@4.4.3_@better-auth+utils@0.4.2_@better-fetch+fetch@1.3.1_better-call@1.3.7__zod@4.4.3_jose@6.2.3_kysely@0.29.4_nanostores@1.4.1": {
      "integrity": "sha512-/R2Kb+z2BpDOOWwVHqOk+c0VNpuwfCv4Hp5Yr9003WIZPax/zyNraGLB9CFE8qF2gZW8Dsz419k4I8CPrGzpDA==",
      "dependencies": [
        "@better-auth/core",
        "@better-auth/utils",
        "@better-fetch/fetch"
      ]
    },
    "@better-auth/utils@0.4.2": {
      "integrity": "sha512-AUxrvu+HaaODsUyzDxFgwd/8RZ1yZaYo42LXKSrU2oGgR38pS1ij8nqQKNgtTWoYGpNevNXtCfgTy6loHveW9A==",
      "dependencies": [
        "@noble/hashes"
      ]
    },
    "@better-fetch/fetch@1.3.1": {
      "integrity": "sha512-ABkD1WhyfPZprKRQI3bhATjeiFuNWC9PXhfGWqL+sg/gKrM977oFrYkdb4msM3hgUGonr7KlOsOFT5TU2rht9g=="
    },
    "@noble/ciphers@2.2.0": {
      "integrity": "sha512-Z6pjIZ/8IJcCGzb2S/0Px5J81yij85xASuk1teLNeg75bfT07MV3a/O2Mtn1I2se43k3lkVEcFaR10N4cgQcZA=="
    },
    "@noble/hashes@2.2.0": {
      "integrity": "sha512-IYqDGiTXab6FniAgnSdZwgWbomxpy9FtYvLKs7wCUs2a8RkITG+DFGO1DM9cr+E3/RgADRpFjrKVaJ1z6sjtEg=="
    },
    "@opentelemetry/semantic-conventions@1.43.0": {
      "integrity": "sha512-eSYWTm620tTk45EKSedaUL8MFYI8hW164hIXsgIHyxu3VobUB3fFCu5t0hQby6OoWRPsG1KkKUG2M5UadiLiVg=="
    },
    "@standard-schema/spec@1.1.0": {
      "integrity": "sha512-l2aFy5jALhniG5HgqrD6jXLi/rUWrKvqN/qJx6yoJsgKhblVd+iqqU4RCXavm/jPityDo5TCvKMnpjKnOriy0w=="
    },
    "@types/node@22.15.15": {
      "integrity": "sha512-R5muMcZob3/Jjchn5LcO8jdKwSCbzqmPB6ruBxMcf9kbxtniZHP327s6C37iOfuw8mbKK3cAQa7sEl7afLrQ8A==",
      "dependencies": [
        "undici-types"
      ]
    },
    "better-auth@1.6.23_@better-auth+utils@0.4.2_@better-fetch+fetch@1.3.1_better-call@1.3.7__zod@4.4.3_jose@6.2.3_kysely@0.29.4_nanostores@1.4.1_@better-auth+core@1.6.23__@better-auth+utils@0.4.2__@better-fetch+fetch@1.3.1__better-call@1.3.7___zod@4.4.3__jose@6.2.3__kysely@0.29.4__nanostores@1.4.1__zod@4.4.3_zod@4.4.3": {
      "integrity": "sha512-4vOaRd9UiKGKm9R+ej0jjU1es3MiJIiNc9Qq3VCnYqOZ4/nb5272QqTxWYoDxyUXl5x6A2x2we5KZKQO9teTQQ==",
      "dependencies": [
        "@better-auth/core",
        "@better-auth/drizzle-adapter",
        "@better-auth/kysely-adapter",
        "@better-auth/memory-adapter",
        "@better-auth/mongo-adapter",
        "@better-auth/prisma-adapter",
        "@better-auth/telemetry",
        "@better-auth/utils",
        "@better-fetch/fetch",
        "@noble/ciphers",
        "@noble/hashes",
        "better-call",
        "defu",
        "jose",
        "kysely",
        "nanostores",
        "zod"
      ]
    },
    "better-call@1.3.7_zod@4.4.3": {
      "integrity": "sha512-Al51/hjp2SSp6CRTa3F2ptcx4yQVS1xWKoY6jcVXqNYOap6mHFP2jUBn5EwIL4iIed1/Sq4hlQ+Umm6EflZG+w==",
      "dependencies": [
        "@better-auth/utils",
        "@better-fetch/fetch",
        "rou3",
        "set-cookie-parser",
        "zod"
      ],
      "optionalPeers": [
        "zod"
      ]
    },
    "defu@6.1.7": {
      "integrity": "sha512-7z22QmUWiQ/2d0KkdYmANbRUVABpZ9SNYyH5vx6PZ+nE5bcC0l7uFvEfHlyld/HcGBFTL536ClDt3DEcSlEJAQ=="
    },
    "jose@6.2.3": {
      "integrity": "sha512-YYVDInQKFJfR/xa3ojUTl8c2KoTwiL1R5Wg9YCydwH0x0B9grbzlg5HC7mMjCtUJjbQ/YnGEZIhI5tCgfTb4Hw=="
    },
    "kysely-postgres-js@3.0.0_kysely@0.29.4_postgres@3.4.7": {
      "integrity": "sha512-o2t/xNSYJQDW6rVGGFPXKmZ0BEz2dGn66c2B+cO/k9ZNcU2qPWPycQPQ+B+P2MBXbKYq0xV9BZmFIvkUrmFWAQ==",
      "dependencies": [
        "kysely",
        "postgres"
      ],
      "optionalPeers": [
        "postgres"
      ]
    },
    "kysely@0.29.4": {
      "integrity": "sha512-y5mVgQNkMbs1eK9Xyc0pmNdabN2wHhRYY/5r4W5HrUT1rYCEPeVNSj1RUJeSDKT3U0p+mXCvLgkrFuIafYI6BA=="
    },
    "nanostores@1.4.1": {
      "integrity": "sha512-PGd3uPojJB9Z07d5NX3Db/SOSBbyy3wLMUGq0GpnEEJfVzY9mq7daPMAZ3jObV5D3Jn+YKND636eI5ULg7F80Q=="
    },
    "postgres@3.4.7": {
      "integrity": "sha512-Jtc2612XINuBjIl/QTWsV5UvE8UHuNblcO3vVADSrKsrc6RqGX6lOW1cEo3CM2v0XG4Nat8nI+YM7/f26VxXLw=="
    },
    "rou3@0.7.12": {
      "integrity": "sha512-iFE4hLDuloSWcD7mjdCDhx2bKcIsYbtOTpfH5MHHLSKMOUyjqQXTeZVa289uuwEGEKFoE/BAPbhaU4B774nceg=="
    },
    "set-cookie-parser@3.1.2": {
      "integrity": "sha512-5/r/lTwbJ3zQ+qwdUFZYeRNqda7P5HD8zQKqlSjdGt1/S0cjLAphHusj4Y58ahDtWn/g32xrIS58/ikOvwl0Lw=="
    },
    "undici-types@6.21.0": {
      "integrity": "sha512-iwDZqg0QAGrg9Rav5H4n0M64c3mkR59cJ6wQp+7C4nI0gsmExaedaYLNO44eT4AtBBwjbTiGPMlt2Md0T9H9JQ=="
    },
    "zod@4.4.3": {
      "integrity": "sha512-ytENFjIJFl2UwYglde2jchW2Hwm4GJFLDiSXWdTrJQBIN9Fcyp7n4DhxJEiWNAJMV1/BqWfW/kkg71UDcHJyTQ=="
    }
  },
  "workspace": {
    "dependencies": [
      "jsr:@hono/hono@4.8.12",
      "npm:better-auth@^1.6.23",
      "npm:kysely-postgres-js@3",
      "npm:postgres@3.4.7"
    ]
  }
}
